
Microsoft Visual Studio Solution File, Format Version 12.00
# Visual Studio Version 16
VisualStudioVersion = 16.0.33328.57
MinimumVisualStudioVersion = 10.0.40219.1
Project("{8BC9CEB8-8B4A-11D0-8D11-00A0C91BC942}") = "Lab2.1", "Lab2.1\Lab2.1.vcxproj", "{3473678F-ABF1-4763-8C5B-F5B09143A408}"
EndProject
Global
	GlobalSection(SolutionConfigurationPlatforms) = preSolution
		Debug|x64 = Debug|x64
		Debug|x86 = Debug|x86
		Release|x64 = Release|x64
		Release|x86 = Release|x86
	EndGlobalSection
	GlobalSection(ProjectConfigurationPlatforms) = postSolution
		{3473678F-ABF1-4763-8C5B-F5B09143A408}.Debug|x64.ActiveCfg = Debug|x64
		{3473678F-ABF1-4763-8C5B-F5B09143A408}.Debug|x64.Build.0 = Debug|x64
		{3473678F-ABF1-4763-8C5B-F5B09143A408}.Debug|x86.ActiveCfg = Debug|Win32
		{3473678F-ABF1-4763-8C5B-F5B09143A408}.Debug|x86.Build.0 = Debug|Win32
		{3473678F-ABF1-4763-8C5B-F5B09143A408}.Release|x64.ActiveCfg = Release|x64
		{3473678F-ABF1-4763-8C5B-F5B09143A408}.Release|x64.Build.0 = Release|x64
		{3473678F-ABF1-4763-8C5B-F5B09143A408}.Release|x86.ActiveCfg = Release|Win32
		{3473678F-ABF1-4763-8C5B-F5B09143A408}.Release|x86.Build.0 = Release|Win32
	EndGlobalSection
	GlobalSection(SolutionProperties) = preSolution
		HideSolutionNode = FALSE
	EndGlobalSection
	GlobalSection(ExtensibilityGlobals) = postSolution
		SolutionGuid = {0CBDB15C-43AC-4B7E-A6E8-EDB8CE728E38}
	EndGlobalSection
EndGlobal
